
Microsoft Visual Studio Solution File, Format Version 12.00
# Visual Studio Version 16
VisualStudioVersion = 16.0.30114.105
MinimumVisualStudioVersion = 10.0.40219.1
Project("{9A19103F-16F7-4668-BE54-9A1E7A4F7556}") = "Orleans.Workflows", "Orleans.Workflows\Orleans.Workflows.csproj", "{4AB7A46E-0630-4769-8B2D-B1BDA7292CD9}"
EndProject
Project("{FAE04EC0-301F-11D3-BF4B-00C04F79EFBC}") = "Orleans.Workflows.Tests", "Orleans.Workflows.Tests\Orleans.Workflows.Tests.csproj", "{6C788661-EDC6-46D4-97E1-B421CA7633AB}"
EndProject
Global
	GlobalSection(SolutionConfigurationPlatforms) = preSolution
		Debug|Any CPU = Debug|Any CPU
		Release|Any CPU = Release|Any CPU
	EndGlobalSection
	GlobalSection(ProjectConfigurationPlatforms) = postSolution
		{4AB7A46E-0630-4769-8B2D-B1BDA7292CD9}.Debug|Any CPU.ActiveCfg = Debug|Any CPU
		{4AB7A46E-0630-4769-8B2D-B1BDA7292CD9}.Debug|Any CPU.Build.0 = Debug|Any CPU
		{4AB7A46E-0630-4769-8B2D-B1BDA7292CD9}.Release|Any CPU.ActiveCfg = Release|Any CPU
		{4AB7A46E-0630-4769-8B2D-B1BDA7292CD9}.Release|Any CPU.Build.0 = Release|Any CPU
		{6C788661-EDC6-46D4-97E1-B421CA7633AB}.Debug|Any CPU.ActiveCfg = Debug|Any CPU
		{6C788661-EDC6-46D4-97E1-B421CA7633AB}.Debug|Any CPU.Build.0 = Debug|Any CPU
		{6C788661-EDC6-46D4-97E1-B421CA7633AB}.Release|Any CPU.ActiveCfg = Release|Any CPU
		{6C788661-EDC6-46D4-97E1-B421CA7633AB}.Release|Any CPU.Build.0 = Release|Any CPU
	EndGlobalSection
	GlobalSection(SolutionProperties) = preSolution
		HideSolutionNode = FALSE
	EndGlobalSection
	GlobalSection(ExtensibilityGlobals) = postSolution
		SolutionGuid = {FB923147-5E56-4718-BBB1-BAF404AD2274}
	EndGlobalSection
EndGlobal
